
Microsoft Visual Studio Solution File, Format Version 12.00
# Visual Studio Version 17
VisualStudioVersion = 17.5.002.0
MinimumVisualStudioVersion = 10.0.40219.1
Project("{9A19103F-16F7-4668-BE54-9A1E7A4F7556}") = "TextEditor", "TextEditor.csproj", "{385CC691-4E6B-4B51-9AB0-097D624C298D}"
EndProject
Global
	GlobalSection(SolutionConfigurationPlatforms) = preSolution
		Debug|Any CPU = Debug|Any CPU
		Release|Any CPU = Release|Any CPU
	EndGlobalSection
	GlobalSection(ProjectConfigurationPlatforms) = postSolution
		{385CC691-4E6B-4B51-9AB0-097D624C298D}.Debug|Any CPU.ActiveCfg = Debug|Any CPU
		{385CC691-4E6B-4B51-9AB0-097D624C298D}.Debug|Any CPU.Build.0 = Debug|Any CPU
		{385CC691-4E6B-4B51-9AB0-097D624C298D}.Release|Any CPU.ActiveCfg = Release|Any CPU
		{385CC691-4E6B-4B51-9AB0-097D624C298D}.Release|Any CPU.Build.0 = Release|Any CPU
	EndGlobalSection
	GlobalSection(SolutionProperties) = preSolution
		HideSolutionNode = FALSE
	EndGlobalSection
	GlobalSection(ExtensibilityGlobals) = postSolution
		SolutionGuid = {57DFCD0A-EE98-4C0B-97A5-9F7CB71E1F01}
	EndGlobalSection
EndGlobal
